
Microsoft Visual Studio Solution File, Format Version 12.00
# Visual Studio Version 16
VisualStudioVersion = 16.0.31613.86
MinimumVisualStudioVersion = 10.0.40219.1
Project("{9A19103F-16F7-4668-BE54-9A1E7A4F7556}") = "ShoppingAPI.Tests", "ShoppingAPI.Tests\ShoppingAPI.Tests.csproj", "{DEA6A587-F70E-4CAB-976A-133CF2A8B327}"
EndProject
Project("{9A19103F-16F7-4668-BE54-9A1E7A4F7556}") = "ShoppingAPI.API", "ShoppingAPI.API\ShoppingAPI.API.csproj", "{D215AAEE-84FA-4D44-BA1A-BE41B28EEBE2}"
EndProject
Project("{FAE04EC0-301F-11D3-BF4B-00C04F79EFBC}") = "ShoppingAPI.Domain", "ShoppingAPI.Domain\ShoppingAPI.Domain.csproj", "{DDF6671B-5006-4328-BE99-A69DE590869E}"
EndProject
Global
	GlobalSection(SolutionConfigurationPlatforms) = preSolution
		Debug|Any CPU = Debug|Any CPU
		Release|Any CPU = Release|Any CPU
	EndGlobalSection
	GlobalSection(ProjectConfigurationPlatforms) = postSolution
		{DEA6A587-F70E-4CAB-976A-133CF2A8B327}.Debug|Any CPU.ActiveCfg = Debug|Any CPU
		{DEA6A587-F70E-4CAB-976A-133CF2A8B327}.Debug|Any CPU.Build.0 = Debug|Any CPU
		{DEA6A587-F70E-4CAB-976A-133CF2A8B327}.Release|Any CPU.ActiveCfg = Release|Any CPU
		{DEA6A587-F70E-4CAB-976A-133CF2A8B327}.Release|Any CPU.Build.0 = Release|Any CPU
		{D215AAEE-84FA-4D44-BA1A-BE41B28EEBE2}.Debug|Any CPU.ActiveCfg = Debug|Any CPU
		{D215AAEE-84FA-4D44-BA1A-BE41B28EEBE2}.Debug|Any CPU.Build.0 = Debug|Any CPU
		{D215AAEE-84FA-4D44-BA1A-BE41B28EEBE2}.Release|Any CPU.ActiveCfg = Release|Any CPU
		{D215AAEE-84FA-4D44-BA1A-BE41B28EEBE2}.Release|Any CPU.Build.0 = Release|Any CPU
		{DDF6671B-5006-4328-BE99-A69DE590869E}.Debug|Any CPU.ActiveCfg = Debug|Any CPU
		{DDF6671B-5006-4328-BE99-A69DE590869E}.Debug|Any CPU.Build.0 = Debug|Any CPU
		{DDF6671B-5006-4328-BE99-A69DE590869E}.Release|Any CPU.ActiveCfg = Release|Any CPU
		{DDF6671B-5006-4328-BE99-A69DE590869E}.Release|Any CPU.Build.0 = Release|Any CPU
	EndGlobalSection
	GlobalSection(SolutionProperties) = preSolution
		HideSolutionNode = FALSE
	EndGlobalSection
	GlobalSection(ExtensibilityGlobals) = postSolution
		SolutionGuid = {83E6025E-AC6C-4A45-8CEC-277988AE76E7}
	EndGlobalSection
EndGlobal
