
Microsoft Visual Studio Solution File, Format Version 12.00
# Visual Studio Version 16
VisualStudioVersion = 16.0.31613.86
MinimumVisualStudioVersion = 10.0.40219.1
Project("{FAE04EC0-301F-11D3-BF4B-00C04F79EFBC}") = "ShoppingAPI", "ShoppingAPI.csproj", "{6D32329E-C040-4B58-AF67-16EAEF87B18C}"
EndProject
Global
	GlobalSection(SolutionConfigurationPlatforms) = preSolution
		Debug|Any CPU = Debug|Any CPU
		Release|Any CPU = Release|Any CPU
	EndGlobalSection
	GlobalSection(ProjectConfigurationPlatforms) = postSolution
		{6D32329E-C040-4B58-AF67-16EAEF87B18C}.Debug|Any CPU.ActiveCfg = Debug|Any CPU
		{6D32329E-C040-4B58-AF67-16EAEF87B18C}.Debug|Any CPU.Build.0 = Debug|Any CPU
		{6D32329E-C040-4B58-AF67-16EAEF87B18C}.Release|Any CPU.ActiveCfg = Release|Any CPU
		{6D32329E-C040-4B58-AF67-16EAEF87B18C}.Release|Any CPU.Build.0 = Release|Any CPU
	EndGlobalSection
	GlobalSection(SolutionProperties) = preSolution
		HideSolutionNode = FALSE
	EndGlobalSection
	GlobalSection(ExtensibilityGlobals) = postSolution
		SolutionGuid = {83E6025E-AC6C-4A45-8CEC-277988AE76E7}
	EndGlobalSection
EndGlobal
